
Microsoft Visual Studio Solution File, Format Version 12.00
# Visual Studio Version 17
VisualStudioVersion = 17.11.35312.102
MinimumVisualStudioVersion = 10.0.40219.1
Project("{9A19103F-16F7-4668-BE54-9A1E7A4F7556}") = "WebsiteBuilderApi", "WebsiteBuilderApi\WebsiteBuilderApi\WebsiteBuilderApi.csproj", "{B5BE953E-FD59-40A2-ADE3-2B31965674C6}"
EndProject
Project("{9A19103F-16F7-4668-BE54-9A1E7A4F7556}") = "WebsiteBuilderApi.Tests", "WebsiteBuilderApi\WebsiteBuilderApi.Tests\WebsiteBuilderApi.Tests.csproj", "{7402F2B9-FEFE-410B-B6EF-5C76054AE2FD}"
EndProject
Global
	GlobalSection(SolutionConfigurationPlatforms) = preSolution
		Debug|Any CPU = Debug|Any CPU
		Release|Any CPU = Release|Any CPU
	EndGlobalSection
	GlobalSection(ProjectConfigurationPlatforms) = postSolution
		{B5BE953E-FD59-40A2-ADE3-2B31965674C6}.Debug|Any CPU.ActiveCfg = Debug|Any CPU
		{B5BE953E-FD59-40A2-ADE3-2B31965674C6}.Debug|Any CPU.Build.0 = Debug|Any CPU
		{B5BE953E-FD59-40A2-ADE3-2B31965674C6}.Release|Any CPU.ActiveCfg = Release|Any CPU
		{B5BE953E-FD59-40A2-ADE3-2B31965674C6}.Release|Any CPU.Build.0 = Release|Any CPU
		{7402F2B9-FEFE-410B-B6EF-5C76054AE2FD}.Debug|Any CPU.ActiveCfg = Debug|Any CPU
		{7402F2B9-FEFE-410B-B6EF-5C76054AE2FD}.Debug|Any CPU.Build.0 = Debug|Any CPU
		{7402F2B9-FEFE-410B-B6EF-5C76054AE2FD}.Release|Any CPU.ActiveCfg = Release|Any CPU
		{7402F2B9-FEFE-410B-B6EF-5C76054AE2FD}.Release|Any CPU.Build.0 = Release|Any CPU
	EndGlobalSection
	GlobalSection(SolutionProperties) = preSolution
		HideSolutionNode = FALSE
	EndGlobalSection
	GlobalSection(ExtensibilityGlobals) = postSolution
		SolutionGuid = {B561615B-D4EF-4446-BABA-7F873B850B87}
	EndGlobalSection
EndGlobal
